// !$*UTF8*$!
{
	archiveVersion = 1;
	classes = {
	};
	objectVersion = 46;
	objects = {

/* Begin PBXBuildFile section */
		E43926081B7D2FC400616CDE /* Loggerithm.swift in Sources */ = {isa = PBXBuildFile; fileRef = E43926061B7D2FC400616CDE /* Loggerithm.swift */; };
		E43926091B7D2FC400616CDE /* Type.swift in Sources */ = {isa = PBXBuildFile; fileRef = E43926071B7D2FC400616CDE /* Type.swift */; };
		FA3CB48E1A38F4230088F488 /* AppDelegate.swift in Sources */ = {isa = PBXBuildFile; fileRef = FA3CB48D1A38F4230088F488 /* AppDelegate.swift */; };
		FA3CB4901A38F4230088F488 /* ViewController.swift in Sources */ = {isa = PBXBuildFile; fileRef = FA3CB48F1A38F4230088F488 /* ViewController.swift */; };
		FA3CB4931A38F4230088F488 /* Main.storyboard in Resources */ = {isa = PBXBuildFile; fileRef = FA3CB4911A38F4230088F488 /* Main.storyboard */; };
		FA3CB4951A38F4230088F488 /* Images.xcassets in Resources */ = {isa = PBXBuildFile; fileRef = FA3CB4941A38F4230088F488 /* Images.xcassets */; };
		FA3CB4981A38F4230088F488 /* LaunchScreen.xib in Resources */ = {isa = PBXBuildFile; fileRef = FA3CB4961A38F4230088F488 /* LaunchScreen.xib */; };
		FA3CB4A41A38F4230088F488 /* DemoTests.swift in Sources */ = {isa = PBXBuildFile; fileRef = FA3CB4A31A38F4230088F488 /* DemoTests.swift */; };
/* End PBXBuildFile section */

/* Begin PBXContainerItemProxy section */
		FA3CB49E1A38F4230088F488 /* PBXContainerItemProxy */ = {
			isa = PBXContainerItemProxy;
			containerPortal = FA3CB4801A38F4230088F488 /* Project object */;
			proxyType = 1;
			remoteGlobalIDString = FA3CB4871A38F4230088F488;
			remoteInfo = Demo;
		};
/* End PBXContainerItemProxy section */

/* Begin PBXFileReference section */
		E43926061B7D2FC400616CDE /* Loggerithm.swift */ = {isa = PBXFileReference; fileEncoding = 4; lastKnownFileType = sourcecode.swift; path = Loggerithm.swift; sourceTree = "<group>"; };
		E43926071B7D2FC400616CDE /* Type.swift */ = {isa = PBXFileReference; fileEncoding = 4; lastKnownFileType = sourcecode.swift; path = Type.swift; sourceTree = "<group>"; };
		FA3CB4881A38F4230088F488 /* Demo.app */ = {isa = PBXFileReference; explicitFileType = wrapper.application; includeInIndex = 0; path = Demo.app; sourceTree = BUILT_PRODUCTS_DIR; };
		FA3CB48C1A38F4230088F488 /* Info.plist */ = {isa = PBXFileReference; lastKnownFileType = text.plist.xml; path = Info.plist; sourceTree = "<group>"; };
		FA3CB48D1A38F4230088F488 /* AppDelegate.swift */ = {isa = PBXFileReference; lastKnownFileType = sourcecode.swift; path = AppDelegate.swift; sourceTree = "<group>"; };
		FA3CB48F1A38F4230088F488 /* ViewController.swift */ = {isa = PBXFileReference; lastKnownFileType = sourcecode.swift; path = ViewController.swift; sourceTree = "<group>"; };
		FA3CB4921A38F4230088F488 /* Base */ = {isa = PBXFileReference; lastKnownFileType = file.storyboard; name = Base; path = Base.lproj/Main.storyboard; sourceTree = "<group>"; };
		FA3CB4941A38F4230088F488 /* Images.xcassets */ = {isa = PBXFileReference; lastKnownFileType = folder.assetcatalog; path = Images.xcassets; sourceTree = "<group>"; };
		FA3CB4971A38F4230088F488 /* Base */ = {isa = PBXFileReference; lastKnownFileType = file.xib; name = Base; path = Base.lproj/LaunchScreen.xib; sourceTree = "<group>"; };
		FA3CB49D1A38F4230088F488 /* DemoTests.xctest */ = {isa = PBXFileReference; explicitFileType = wrapper.cfbundle; includeInIndex = 0; path = DemoTests.xctest; sourceTree = BUILT_PRODUCTS_DIR; };
		FA3CB4A21A38F4230088F488 /* Info.plist */ = {isa = PBXFileReference; lastKnownFileType = text.plist.xml; path = Info.plist; sourceTree = "<group>"; };
		FA3CB4A31A38F4230088F488 /* DemoTests.swift */ = {isa = PBXFileReference; lastKnownFileType = sourcecode.swift; path = DemoTests.swift; sourceTree = "<group>"; };
/* End PBXFileReference section */

/* Begin PBXFrameworksBuildPhase section */
		FA3CB4851A38F4230088F488 /* Frameworks */ = {
			isa = PBXFrameworksBuildPhase;
			buildActionMask = 2147483647;
			files = (
			);
			runOnlyForDeploymentPostprocessing = 0;
		};
		FA3CB49A1A38F4230088F488 /* Frameworks */ = {
			isa = PBXFrameworksBuildPhase;
			buildActionMask = 2147483647;
			files = (
			);
			runOnlyForDeploymentPostprocessing = 0;
		};
/* End PBXFrameworksBuildPhase section */

/* Begin PBXGroup section */
		E43926051B7D2FC400616CDE /* Logarithm */ = {
			isa = PBXGroup;
			children = (
				E43926061B7D2FC400616CDE /* Loggerithm.swift */,
				E43926071B7D2FC400616CDE /* Type.swift */,
			);
			name = Logarithm;
			path = ../Logarithm;
			sourceTree = "<group>";
		};
		FA3CB47F1A38F4230088F488 = {
			isa = PBXGroup;
			children = (
				E43926051B7D2FC400616CDE /* Logarithm */,
				FA3CB48A1A38F4230088F488 /* Demo */,
				FA3CB4A01A38F4230088F488 /* DemoTests */,
				FA3CB4891A38F4230088F488 /* Products */,
			);
			sourceTree = "<group>";
		};
		FA3CB4891A38F4230088F488 /* Products */ = {
			isa = PBXGroup;
			children = (
				FA3CB4881A38F4230088F488 /* Demo.app */,
				FA3CB49D1A38F4230088F488 /* DemoTests.xctest */,
			);
			name = Products;
			sourceTree = "<group>";
		};
		FA3CB48A1A38F4230088F488 /* Demo */ = {
			isa = PBXGroup;
			children = (
				FA3CB48D1A38F4230088F488 /* AppDelegate.swift */,
				FA3CB48F1A38F4230088F488 /* ViewController.swift */,
				FA3CB4911A38F4230088F488 /* Main.storyboard */,
				FA3CB4941A38F4230088F488 /* Images.xcassets */,
				FA3CB4961A38F4230088F488 /* LaunchScreen.xib */,
				FA3CB48B1A38F4230088F488 /* Supporting Files */,
			);
			path = Demo;
			sourceTree = "<group>";
		};
		FA3CB48B1A38F4230088F488 /* Supporting Files */ = {
			isa = PBXGroup;
			children = (
				FA3CB48C1A38F4230088F488 /* Info.plist */,
			);
			name = "Supporting Files";
			sourceTree = "<group>";
		};
		FA3CB4A01A38F4230088F488 /* DemoTests */ = {
			isa = PBXGroup;
			children = (
				FA3CB4A31A38F4230088F488 /* DemoTests.swift */,
				FA3CB4A11A38F4230088F488 /* Supporting Files */,
			);
			path = DemoTests;
			sourceTree = "<group>";
		};
		FA3CB4A11A38F4230088F488 /* Supporting Files */ = {
			isa = PBXGroup;
			children = (
				FA3CB4A21A38F4230088F488 /* Info.plist */,
			);
			name = "Supporting Files";
			sourceTree = "<group>";
		};
/* End PBXGroup section */

/* Begin PBXNativeTarget section */
		FA3CB4871A38F4230088F488 /* Demo */ = {
			isa = PBXNativeTarget;
			buildConfigurationList = FA3CB4A71A38F4230088F488 /* Build configuration list for PBXNativeTarget "Demo" */;
			buildPhases = (
				FA3CB4841A38F4230088F488 /* Sources */,
				FA3CB4851A38F4230088F488 /* Frameworks */,
				FA3CB4861A38F4230088F488 /* Resources */,
			);
			buildRules = (
			);
			dependencies = (
			);
			name = Demo;
			productName = Demo;
			productReference = FA3CB4881A38F4230088F488 /* Demo.app */;
			productType = "com.apple.product-type.application";
		};
		FA3CB49C1A38F4230088F488 /* DemoTests */ = {
			isa = PBXNativeTarget;
			buildConfigurationList = FA3CB4AA1A38F4230088F488 /* Build configuration list for PBXNativeTarget "DemoTests" */;
			buildPhases = (
				FA3CB4991A38F4230088F488 /* Sources */,
				FA3CB49A1A38F4230088F488 /* Frameworks */,
				FA3CB49B1A38F4230088F488 /* Resources */,
			);
			buildRules = (
			);
			dependencies = (
				FA3CB49F1A38F4230088F488 /* PBXTargetDependency */,
			);
			name = DemoTests;
			productName = DemoTests;
			productReference = FA3CB49D1A38F4230088F488 /* DemoTests.xctest */;
			productType = "com.apple.product-type.bundle.unit-test";
		};
/* End PBXNativeTarget section */

/* Begin PBXProject section */
		FA3CB4801A38F4230088F488 /* Project object */ = {
			isa = PBXProject;
			attributes = {
				LastUpgradeCheck = 0610;
				ORGANIZATIONNAME = HonghaoZ;
				TargetAttributes = {
					FA3CB4871A38F4230088F488 = {
						CreatedOnToolsVersion = 6.1.1;
					};
					FA3CB49C1A38F4230088F488 = {
						CreatedOnToolsVersion = 6.1.1;
						TestTargetID = FA3CB4871A38F4230088F488;
					};
				};
			};
			buildConfigurationList = FA3CB4831A38F4230088F488 /* Build configuration list for PBXProject "Demo" */;
			compatibilityVersion = "Xcode 3.2";
			developmentRegion = English;
			hasScannedForEncodings = 0;
			knownRegions = (
				en,
				Base,
			);
			mainGroup = FA3CB47F1A38F4230088F488;
			productRefGroup = FA3CB4891A38F4230088F488 /* Products */;
			projectDirPath = "";
			projectRoot = "";
			targets = (
				FA3CB4871A38F4230088F488 /* Demo */,
				FA3CB49C1A38F4230088F488 /* DemoTests */,
			);
		};
/* End PBXProject section */

/* Begin PBXResourcesBuildPhase section */
		FA3CB4861A38F4230088F488 /* Resources */ = {
			isa = PBXResourcesBuildPhase;
			buildActionMask = 2147483647;
			files = (
				FA3CB4931A38F4230088F488 /* Main.storyboard in Resources */,
				FA3CB4981A38F4230088F488 /* LaunchScreen.xib in Resources */,
				FA3CB4951A38F4230088F488 /* Images.xcassets in Resources */,
			);
			runOnlyForDeploymentPostprocessing = 0;
		};
		FA3CB49B1A38F4230088F488 /* Resources */ = {
			isa = PBXResourcesBuildPhase;
			buildActionMask = 2147483647;
			files = (
			);
			runOnlyForDeploymentPostprocessing = 0;
		};
/* End PBXResourcesBuildPhase section */

/* Begin PBXSourcesBuildPhase section */
		FA3CB4841A38F4230088F488 /* Sources */ = {
			isa = PBXSourcesBuildPhase;
			buildActionMask = 2147483647;
			files = (
				FA3CB4901A38F4230088F488 /* ViewController.swift in Sources */,
				FA3CB48E1A38F4230088F488 /* AppDelegate.swift in Sources */,
				E43926081B7D2FC400616CDE /* Loggerithm.swift in Sources */,
				E43926091B7D2FC400616CDE /* Type.swift in Sources */,
			);
			runOnlyForDeploymentPostprocessing = 0;
		};
		FA3CB4991A38F4230088F488 /* Sources */ = {
			isa = PBXSourcesBuildPhase;
			buildActionMask = 2147483647;
			files = (
				FA3CB4A41A38F4230088F488 /* DemoTests.swift in Sources */,
			);
			runOnlyForDeploymentPostprocessing = 0;
		};
/* End PBXSourcesBuildPhase section */

/* Begin PBXTargetDependency section */
		FA3CB49F1A38F4230088F488 /* PBXTargetDependency */ = {
			isa = PBXTargetDependency;
			target = FA3CB4871A38F4230088F488 /* Demo */;
			targetProxy = FA3CB49E1A38F4230088F488 /* PBXContainerItemProxy */;
		};
/* End PBXTargetDependency section */

/* Begin PBXVariantGroup section */
		FA3CB4911A38F4230088F488 /* Main.storyboard */ = {
			isa = PBXVariantGroup;
			children = (
				FA3CB4921A38F4230088F488 /* Base */,
			);
			name = Main.storyboard;
			sourceTree = "<group>";
		};
		FA3CB4961A38F4230088F488 /* LaunchScreen.xib */ = {
			isa = PBXVariantGroup;
			children = (
				FA3CB4971A38F4230088F488 /* Base */,
			);
			name = LaunchScreen.xib;
			sourceTree = "<group>";
		};
/* End PBXVariantGroup section */

/* Begin XCBuildConfiguration section */
		FA3CB4A51A38F4230088F488 /* Debug */ = {
			isa = XCBuildConfiguration;
			buildSettings = {
				ALWAYS_SEARCH_USER_PATHS = NO;
				CLANG_CXX_LANGUAGE_STANDARD = "gnu++0x";
				CLANG_CXX_LIBRARY = "libc++";
				CLANG_ENABLE_MODULES = YES;
				CLANG_ENABLE_OBJC_ARC = YES;
				CLANG_WARN_BOOL_CONVERSION = YES;
				CLANG_WARN_CONSTANT_CONVERSION = YES;
				CLANG_WARN_DIRECT_OBJC_ISA_USAGE = YES_ERROR;
				CLANG_WARN_EMPTY_BODY = YES;
				CLANG_WARN_ENUM_CONVERSION = YES;
				CLANG_WARN_INT_CONVERSION = YES;
				CLANG_WARN_OBJC_ROOT_CLASS = YES_ERROR;
				CLANG_WARN_UNREACHABLE_CODE = YES;
				CLANG_WARN__DUPLICATE_METHOD_MATCH = YES;
				"CODE_SIGN_IDENTITY[sdk=iphoneos*]" = "iPhone Developer";
				COPY_PHASE_STRIP = NO;
				ENABLE_STRICT_OBJC_MSGSEND = YES;
				GCC_C_LANGUAGE_STANDARD = gnu99;
				GCC_DYNAMIC_NO_PIC = NO;
				GCC_OPTIMIZATION_LEVEL = 0;
				GCC_PREPROCESSOR_DEFINITIONS = (
					"DEBUG=1",
					"$(inherited)",
				);
				GCC_SYMBOLS_PRIVATE_EXTERN = NO;
				GCC_WARN_64_TO_32_BIT_CONVERSION = YES;
				GCC_WARN_ABOUT_RETURN_TYPE = YES_ERROR;
				GCC_WARN_UNDECLARED_SELECTOR = YES;
				GCC_WARN_UNINITIALIZED_AUTOS = YES_AGGRESSIVE;
				GCC_WARN_UNUSED_FUNCTION = YES;
				GCC_WARN_UNUSED_VARIABLE = YES;
				IPHONEOS_DEPLOYMENT_TARGET = 8.1;
				MTL_ENABLE_DEBUG_INFO = YES;
				ONLY_ACTIVE_ARCH = YES;
				SDKROOT = iphoneos;
				SWIFT_OPTIMIZATION_LEVEL = "-Onone";
				TARGETED_DEVICE_FAMILY = "1,2";
			};
			name = Debug;
		};
		FA3CB4A61A38F4230088F488 /* Release */ = {
			isa = XCBuildConfiguration;
			buildSettings = {
				ALWAYS_SEARCH_USER_PATHS = NO;
				CLANG_CXX_LANGUAGE_STANDARD = "gnu++0x";
				CLANG_CXX_LIBRARY = "libc++";
				CLANG_ENABLE_MODULES = YES;
				CLANG_ENABLE_OBJC_ARC = YES;
				CLANG_WARN_BOOL_CONVERSION = YES;
				CLANG_WARN_CONSTANT_CONVERSION = YES;
				CLANG_WARN_DIRECT_OBJC_ISA_USAGE = YES_ERROR;
				CLANG_WARN_EMPTY_BODY = YES;
				CLANG_WARN_ENUM_CONVERSION = YES;
				CLANG_WARN_INT_CONVERSION = YES;
				CLANG_WARN_OBJC_ROOT_CLASS = YES_ERROR;
				CLANG_WARN_UNREACHABLE_CODE = YES;
				CLANG_WARN__DUPLICATE_METHOD_MATCH = YES;
				"CODE_SIGN_IDENTITY[sdk=iphoneos*]" = "iPhone Developer";
				COPY_PHASE_STRIP = YES;
				ENABLE_NS_ASSERTIONS = NO;
				ENABLE_STRICT_OBJC_MSGSEND = YES;
				GCC_C_LANGUAGE_STANDARD = gnu99;
				GCC_WARN_64_TO_32_BIT_CONVERSION = YES;
				GCC_WARN_ABOUT_RETURN_TYPE = YES_ERROR;
				GCC_WARN_UNDECLARED_SELECTOR = YES;
				GCC_WARN_UNINITIALIZED_AUTOS = YES_AGGRESSIVE;
				GCC_WARN_UNUSED_FUNCTION = YES;
				GCC_WARN_UNUSED_VARIABLE = YES;
				IPHONEOS_DEPLOYMENT_TARGET = 8.1;
				MTL_ENABLE_DEBUG_INFO = NO;
				SDKROOT = iphoneos;
				TARGETED_DEVICE_FAMILY = "1,2";
				VALIDATE_PRODUCT = YES;
			};
			name = Release;
		};
		FA3CB4A81A38F4230088F488 /* Debug */ = {
			isa = XCBuildConfiguration;
			buildSettings = {
				ASSETCATALOG_COMPILER_APPICON_NAME = AppIcon;
				INFOPLIST_FILE = Demo/Info.plist;
				LD_RUNPATH_SEARCH_PATHS = "$(inherited) @executable_path/Frameworks";
				OTHER_SWIFT_FLAGS = "-D DEBUG";
				PRODUCT_NAME = "$(TARGET_NAME)";
			};
			name = Debug;
		};
		FA3CB4A91A38F4230088F488 /* Release */ = {
			isa = XCBuildConfiguration;
			buildSettings = {
				ASSETCATALOG_COMPILER_APPICON_NAME = AppIcon;
				INFOPLIST_FILE = Demo/Info.plist;
				LD_RUNPATH_SEARCH_PATHS = "$(inherited) @executable_path/Frameworks";
				OTHER_SWIFT_FLAGS = "-D DEBUG";
				PRODUCT_NAME = "$(TARGET_NAME)";
			};
			name = Release;
		};
		FA3CB4AB1A38F4230088F488 /* Debug */ = {
			isa = XCBuildConfiguration;
			buildSettings = {
				BUNDLE_LOADER = "$(TEST_HOST)";
				FRAMEWORK_SEARCH_PATHS = (
					"$(SDKROOT)/Developer/Library/Frameworks",
					"$(inherited)",
				);
				GCC_PREPROCESSOR_DEFINITIONS = (
					"DEBUG=1",
					"$(inherited)",
				);
				INFOPLIST_FILE = DemoTests/Info.plist;
				LD_RUNPATH_SEARCH_PATHS = "$(inherited) @executable_path/Frameworks @loader_path/Frameworks";
				OTHER_SWIFT_FLAGS = "";
				PRODUCT_NAME = "$(TARGET_NAME)";
				TEST_HOST = "$(BUILT_PRODUCTS_DIR)/Demo.app/Demo";
			};
			name = Debug;
		};
		FA3CB4AC1A38F4230088F488 /* Release */ = {
			isa = XCBuildConfiguration;
			buildSettings = {
				BUNDLE_LOADER = "$(TEST_HOST)";
				FRAMEWORK_SEARCH_PATHS = (
					"$(SDKROOT)/Developer/Library/Frameworks",
					"$(inherited)",
				);
				INFOPLIST_FILE = DemoTests/Info.plist;
				LD_RUNPATH_SEARCH_PATHS = "$(inherited) @executable_path/Frameworks @loader_path/Frameworks";
				OTHER_SWIFT_FLAGS = "";
				PRODUCT_NAME = "$(TARGET_NAME)";
				TEST_HOST = "$(BUILT_PRODUCTS_DIR)/Demo.app/Demo";
			};
			name = Release;
		};
/* End XCBuildConfiguration section */

/* Begin XCConfigurationList section */
		FA3CB4831A38F4230088F488 /* Build configuration list for PBXProject "Demo" */ = {
			isa = XCConfigurationList;
			buildConfigurations = (
				FA3CB4A51A38F4230088F488 /* Debug */,
				FA3CB4A61A38F4230088F488 /* Release */,
			);
			defaultConfigurationIsVisible = 0;
			defaultConfigurationName = Release;
		};
		FA3CB4A71A38F4230088F488 /* Build configuration list for PBXNativeTarget "Demo" */ = {
			isa = XCConfigurationList;
			buildConfigurations = (
				FA3CB4A81A38F4230088F488 /* Debug */,
				FA3CB4A91A38F4230088F488 /* Release */,
			);
			defaultConfigurationIsVisible = 0;
			defaultConfigurationName = Release;
		};
		FA3CB4AA1A38F4230088F488 /* Build configuration list for PBXNativeTarget "DemoTests" */ = {
			isa = XCConfigurationList;
			buildConfigurations = (
				FA3CB4AB1A38F4230088F488 /* Debug */,
				FA3CB4AC1A38F4230088F488 /* Release */,
			);
			defaultConfigurationIsVisible = 0;
			defaultConfigurationName = Release;
		};
/* End XCConfigurationList section */
	};
	rootObject = FA3CB4801A38F4230088F488 /* Project object */;
}
